schema: '2.0'
stages:
  eda:
    cmd: python src/eda.py
    deps:
    - hash: md5
      md5: 5ed993a167062310c1fe173e25163aef
      path: data/transform/transformed_provinces.csv
      size: 4027
    - hash: md5
      md5: 32bafe55bce2dc395a4d7f1d9b7b0783
      path: data/transform/transformed_regencies.csv
      size: 39249
    - hash: md5
      md5: c22d27c56062b6e3971ab9206a656282
      path: src/eda.py
      size: 9830
    outs:
    - hash: md5
      md5: 16c78b22e5745ddd95668d1a829e445e
      path: reports/eda_metrics.json
      size: 598
    - hash: md5
      md5: 7e7f44e29a4c7659aefe0d55f05fd9dc
      path: reports/eda_summary.md
      size: 159214
  evaluate:
    cmd: python src/evaluate.py
    deps:
    - path: data/model/clustered_regencies.csv
      hash: md5
      md5: aca0daf490c042d7ef219776f975bc4a
      size: 40793
    - path: data/preprocess/scaled_features.csv
      hash: md5
      md5: e9384158e5f5e87688506c36a585d2eb
      size: 102739
    - path: src/evaluate.py
      hash: md5
      md5: 587f1ccd54bb258aec68ed9863adccb0
      size: 8485
    outs:
    - path: reports/evaluate_metrics.json
      hash: md5
      md5: 3552a38c470227bff05ff44673aa4979
      size: 167
    - path: reports/evaluate_report.md
      hash: md5
      md5: 96cfb52289653d374f004a6952f2bf27
      size: 204818
  interpret:
    cmd: python src/interpret.py
    deps:
    - hash: md5
      md5: 6a5c6708d6db13e21d60a8a29d58f381
      path: data/model/clustered_regencies.csv
      size: 41308
    - hash: md5
      md5: 80df99266250ba2b36a38c375b4bfb66
      path: reports/evaluate_metrics.json
      size: 174
    - hash: md5
      md5: c7c18020a812e998b701181e5b75a2d7
      path: src/interpret.py
      size: 7699
    outs:
    - hash: md5
      md5: 00853070290cb51a859a030478b26ff2
      path: reports/interpret_labels.json
      size: 1164
    - hash: md5
      md5: b607131799efac87c00be3b7f7cb3aca
      path: reports/interpret_report.md
      size: 3118
  model:
    cmd: python src/model.py
    deps:
    - hash: md5
      md5: 2c26748162f1f537f0f33948cbb032ca
      path: data/preprocess/preprocess_meta.json
      size: 314
    - hash: md5
      md5: e9384158e5f5e87688506c36a585d2eb
      path: data/preprocess/scaled_features.csv
      size: 102739
    - hash: md5
      md5: b99c966572bcf5351aeabeca142c6ed8
      path: data/transform/transformed_regencies.csv
      size: 39249
    - hash: md5
      md5: cb6e4e093d7df89773e721896481a245
      path: src/model.py
      size: 1978
    outs:
    - hash: md5
      md5: aca0daf490c042d7ef219776f975bc4a
      path: data/model/clustered_regencies.csv
      size: 40793
    - hash: md5
      md5: 5d84706c67cf289d597cb2df8d8556c1
      path: models/kmeans_model.pkl
      size: 3023
  preprocess:
    cmd: python src/preprocess.py
    deps:
    - hash: md5
      md5: b99c966572bcf5351aeabeca142c6ed8
      path: data/transform/transformed_regencies.csv
      size: 39249
    - hash: md5
      md5: 04d5106abce58ba55a6592b9506a8775
      path: src/preprocess.py
      size: 5753
    outs:
    - hash: md5
      md5: 2c26748162f1f537f0f33948cbb032ca
      path: data/preprocess/preprocess_meta.json
      size: 314
    - hash: md5
      md5: e9384158e5f5e87688506c36a585d2eb
      path: data/preprocess/scaled_features.csv
      size: 102739
    - hash: md5
      md5: 04871444eeb7da0aacad82e4e8b70216
      path: reports/preprocess_report.md
      size: 70524
  scrape_provinces:
    cmd: python src/scrape_provinces.py
    deps:
    - hash: md5
      md5: a672db6659d404f4e8318d9b1a1e93ba
      path: src/scrape_provinces.py
      size: 1337
    - hash: md5
      md5: ab1cf03ae5b9110d259f8fb5b71fa214
      path: src/utils/scraper_utils.py
      size: 3642
    outs:
    - hash: md5
      md5: 419c8e76f4ccc51768c47640d76ef4ad
      path: data/raw/scraped_provinces.csv
      size: 3992
  scrape_regencies:
    cmd: python src/scrape_regencies.py
    deps:
    - hash: md5
      md5: 13b2f57e461607cd150ff907fd082621
      path: src/scrape_regencies.py
      size: 3286
    - hash: md5
      md5: ab1cf03ae5b9110d259f8fb5b71fa214
      path: src/utils/scraper_utils.py
      size: 3642
    outs:
    - hash: md5
      md5: dff68c8051daeb5b61cf4ba73cd47dbf
      path: data/raw/scraped_regencies.csv
      size: 35922
  transform:
    cmd: python src/transform.py
    deps:
    - hash: md5
      md5: 408531398a27c7fa9741a492f5716834
      path: data/raw/province.json
      size: 4356
    - hash: md5
      md5: 618167adbf40bdecbf8e1521a1975f0c
      path: data/raw/regency.json
      size: 71671
    - hash: md5
      md5: 419c8e76f4ccc51768c47640d76ef4ad
      path: data/raw/scraped_provinces.csv
      size: 3992
    - hash: md5
      md5: dff68c8051daeb5b61cf4ba73cd47dbf
      path: data/raw/scraped_regencies.csv
      size: 35922
    - hash: md5
      md5: e324cfecf07dd5a1bf5e13bd11dd22d8
      path: src/transform.py
      size: 5392
    outs:
    - hash: md5
      md5: 5ed993a167062310c1fe173e25163aef
      path: data/transform/transformed_provinces.csv
      size: 4027
    - hash: md5
      md5: b99c966572bcf5351aeabeca142c6ed8
      path: data/transform/transformed_regencies.csv
      size: 39249
