schema: '2.0'
stages:
  eda:
    cmd: python src/eda.py
    deps:
    - path: data/transform/transformed_provinces.csv
      hash: md5
      md5: 017c41893f8f515073241091cfe6f12f
      size: 4028
    - path: data/transform/transformed_regencies.csv
      hash: md5
      md5: 7d506a93daeb684fd30274dde8f422f2
      size: 5743
    - path: src/eda.py
      hash: md5
      md5: 990c035a854a74d149bcc3fd19327085
      size: 8614
    params:
      params.yaml:
        eda.plot_dpi: 120
        eda.plot_style: seaborn-v0_8-whitegrid
        eda.top_provinces_limit: 10
        eda.top_regencies_limit: 5
    outs:
    - path: reports/eda_metrics.json
      hash: md5
      md5: e2ead4bfe237553364842475f66c6b9c
      size: 597
    - path: reports/eda_summary.md
      hash: md5
      md5: 929f749e7b2baef34fa440c15211506e
      size: 126142
    - path: reports/figures/eda_top_provinces.png
      hash: md5
      md5: e80321c62d40c0030dd9345fb4a13aa6
      size: 42225
    - path: reports/figures/eda_top_regencies_transaksi.png
      hash: md5
      md5: 7b6a3712e8b0530bc560046addd802f9
      size: 48251
  evaluate:
    cmd: python src/evaluate.py
    deps:
    - path: data/model/clustered_regencies.csv
      hash: md5
      md5: 0377cf63550a0688875d648b36916fd4
      size: 5904
    - path: data/preprocess/scaled_features.csv
      hash: md5
      md5: f3b4c9aebc84ee8879bd1396d8186f96
      size: 15138
    - path: src/evaluate.py
      hash: md5
      md5: 81e176aa84b35dd40ae06505714fb1a4
      size: 6514
    outs:
    - path: reports/evaluate_metrics.json
      hash: md5
      md5: 88d915a4a388babff7716d3e2b227f9d
      size: 172
    - path: reports/evaluate_report.md
      hash: md5
      md5: 18d72914b2f40ae53ab624b2b13c3201
      size: 131686
    - path: reports/figures/eval_avg_transaction.png
      hash: md5
      md5: c0f467cd91c71db5584c932667765ee2
      size: 23990
    - path: reports/figures/eval_cluster_distribution.png
      hash: md5
      md5: 7ecf953f336c302d955b156b6c6b1804
      size: 23162
    - path: reports/figures/eval_pca_projection.png
      hash: md5
      md5: 52da730f712ba0b17e61d82655d903e5
      size: 50074
  interpret:
    cmd: python src/interpret.py
    deps:
    - path: data/model/clustered_regencies.csv
      hash: md5
      md5: 0377cf63550a0688875d648b36916fd4
      size: 5904
    - path: reports/evaluate_metrics.json
      hash: md5
      md5: 88d915a4a388babff7716d3e2b227f9d
      size: 172
    - path: src/interpret.py
      hash: md5
      md5: 06c8ef4df3fcdfb19e3d746e4f898bbe
      size: 8037
    params:
      params.yaml:
        interpret.max_tokens: 3000
        interpret.model: '@cf/openai/gpt-oss-120b'
    outs:
    - path: reports/interpret_labels.json
      hash: md5
      md5: 0fe611c3d0df159f234253051cebb223
      size: 1893
    - path: reports/interpret_report.md
      hash: md5
      md5: 91401a109a850ab68b5520c87f0f2878
      size: 2806
  model:
    cmd: python src/model.py
    deps:
    - path: data/preprocess/preprocess_meta.json
      hash: md5
      md5: 3467d947b494448119c53276909614c3
      size: 329
    - path: data/preprocess/scaled_features.csv
      hash: md5
      md5: f3b4c9aebc84ee8879bd1396d8186f96
      size: 15138
    - path: data/transform/transformed_regencies.csv
      hash: md5
      md5: 7d506a93daeb684fd30274dde8f422f2
      size: 5743
    - path: src/model.py
      hash: md5
      md5: bfe7fbc7407630f41593c7e9f8f387cb
      size: 1913
    params:
      params.yaml:
        model.n_init: 10
        model.override_k:
        model.random_state: 42
    outs:
    - path: data/model/clustered_regencies.csv
      hash: md5
      md5: 0377cf63550a0688875d648b36916fd4
      size: 5904
    - path: models/kmeans_model.pkl
      hash: md5
      md5: 919bbd4d96ecc31525a14725c1dd3f29
      size: 1295
  preprocess:
    cmd: python src/preprocess.py
    deps:
    - path: data/transform/transformed_regencies.csv
      hash: md5
      md5: 7d506a93daeb684fd30274dde8f422f2
      size: 5743
    - path: src/preprocess.py
      hash: md5
      md5: 817a46282c5f0f0f4f5f5411a4634b73
      size: 5194
    params:
      params.yaml:
        preprocess.fallback_k: 3
        preprocess.kneedle.curve: convex
        preprocess.kneedle.direction: decreasing
        preprocess.max_k: 8
        preprocess.min_k: 2
        preprocess.n_init: 10
        preprocess.random_state: 42
    outs:
    - path: data/preprocess/preprocess_meta.json
      hash: md5
      md5: 3467d947b494448119c53276909614c3
      size: 329
    - path: data/preprocess/scaled_features.csv
      hash: md5
      md5: f3b4c9aebc84ee8879bd1396d8186f96
      size: 15138
    - path: reports/figures/preprocess_elbow_curve.png
      hash: md5
      md5: fc2abd4f861350b38c9671f0e35d7de9
      size: 39512
    - path: reports/preprocess_report.md
      hash: md5
      md5: e123d0f57eec6fe4e5886798e88dac95
      size: 53426
  scrape_provinces:
    cmd: python src/scrape_provinces.py
    deps:
    - path: src/scrape_provinces.py
      hash: md5
      md5: c0bc713b33883ba7b74e30327d6ba231
      size: 1683
    - path: src/utils/scraper_utils.py
      hash: md5
      md5: fbcc50b6a54f3b09436024476718eaeb
      size: 7133
    params:
      params.yaml:
        scrape.playwright.headless: true
        scrape.playwright.height: 800
        scrape.playwright.user_agent: Mozilla/5.0 (Windows NT 10.0; Win64; x64) 
          AppleWebKit/537.36 (KHTML, like Gecko) Chrome/120.0.0.0 Safari/537.36
        scrape.playwright.width: 1280
        scrape.table_index: 2
        scrape.target_url: https://simkopdes.go.id/pers/dashboard
    outs:
    - path: data/raw/scraped_provinces.csv
      hash: md5
      md5: c8313d236cc806be9a236e31c2ecc69b
      size: 3993
  scrape_regencies:
    cmd: python src/scrape_regencies.py
    deps:
    - path: src/scrape_regencies.py
      hash: md5
      md5: 01fef423738f087b16ae8fb3cb9d7d34
      size: 3351
    - path: src/utils/scraper_utils.py
      hash: md5
      md5: fbcc50b6a54f3b09436024476718eaeb
      size: 7133
    params:
      params.yaml:
        scrape.base_url_template: 
          https://simkopdes.go.id/pers/dashboard/district/{id}
        scrape.end_province_id: 3
        scrape.max_workers: 3
        scrape.playwright.headless: true
        scrape.playwright.height: 800
        scrape.playwright.user_agent: Mozilla/5.0 (Windows NT 10.0; Win64; x64) 
          AppleWebKit/537.36 (KHTML, like Gecko) Chrome/120.0.0.0 Safari/537.36
        scrape.playwright.width: 1280
        scrape.start_province_id: 1
        scrape.table_index: 2
    outs:
    - path: data/raw/scraped_regencies.csv
      hash: md5
      md5: 13e20b77665dc9fa4f80d841fb3e8f0b
      size: 5347
  transform:
    cmd: python src/transform.py
    deps:
    - path: data/raw/province.json
      hash: md5
      md5: 408531398a27c7fa9741a492f5716834
      size: 4356
    - path: data/raw/regency.json
      hash: md5
      md5: 618167adbf40bdecbf8e1521a1975f0c
      size: 71671
    - path: data/raw/scraped_provinces.csv
      hash: md5
      md5: c8313d236cc806be9a236e31c2ecc69b
      size: 3993
    - path: data/raw/scraped_regencies.csv
      hash: md5
      md5: 13e20b77665dc9fa4f80d841fb3e8f0b
      size: 5347
    - path: src/transform.py
      hash: md5
      md5: 086e9509be0852d44931b78840652ce0
      size: 4694
    outs:
    - path: data/transform/transformed_provinces.csv
      hash: md5
      md5: 017c41893f8f515073241091cfe6f12f
      size: 4028
    - path: data/transform/transformed_regencies.csv
      hash: md5
      md5: 7d506a93daeb684fd30274dde8f422f2
      size: 5743
  store:
    cmd: python src/store.py
    deps:
    - path: data/model/clustered_regencies.csv
      hash: md5
      md5: 0377cf63550a0688875d648b36916fd4
      size: 5904
    - path: data/transform/transformed_provinces.csv
      hash: md5
      md5: 017c41893f8f515073241091cfe6f12f
      size: 4028
    - path: reports/evaluate_metrics.json
      hash: md5
      md5: 88d915a4a388babff7716d3e2b227f9d
      size: 172
    - path: reports/interpret_labels.json
      hash: md5
      md5: 0fe611c3d0df159f234253051cebb223
      size: 1893
    - path: reports/interpret_report.md
      hash: md5
      md5: 91401a109a850ab68b5520c87f0f2878
      size: 2806
    - path: src/store.py
      hash: md5
      md5: e49142579a21a945d1b6adb15df3a5bf
      size: 4807
    outs:
    - path: data/seed.sql
      hash: md5
      md5: 7ac51103e8a4b7de4af26bddf594e4c0
      size: 28265
