schema: '2.0'
stages:
  eda:
    cmd: python src/eda.py
    deps:
    - path: data/transform/transformed_provinces.csv
      hash: md5
      md5: 2d5fb6b486774700371ddae5c06c0ae5
      size: 4034
    - path: data/transform/transformed_regencies.csv
      hash: md5
      md5: b4e2699afb3cd99d861a830508142490
      size: 38838
    - path: src/eda.py
      hash: md5
      md5: 3fba2fb678023df4e0dab2cc9205ceb4
      size: 8553
    params:
      params.yaml:
        eda.top_provinces_limit: 10
        eda.top_regencies_limit: 5
    outs:
    - path: reports/eda_metrics.json
      hash: md5
      md5: 2859fbca673387e19bd9260d0c82a7ff
      size: 575
    - path: reports/eda_summary.md
      hash: md5
      md5: b5126e76fc38f409838289bd7bbdb17b
      size: 5476
    - path: reports/figures/eda_top_provinces.png
      hash: md5
      md5: f533182080db946f2a85411fed82c8e7
      size: 48829
    - path: reports/figures/eda_top_regencies_transaksi.png
      hash: md5
      md5: 804929725e0fce177f0e45893201bd29
      size: 55243
  evaluate:
    cmd: python src/evaluate.py
    deps:
    - path: data/model/clustered_regencies.csv
      hash: md5
      md5: 08a087801c5698258aec933fd9c3b520
      size: 40382
    - path: data/preprocess/scaled_features.csv
      hash: md5
      md5: 54c2cab3bfe24b36bd5c26375d817ce0
      size: 102343
    - path: models/kmeans_model.pkl
      hash: md5
      md5: c193fcdedebfd52c9b444cd8a60c13d7
      size: 2898
    - path: src/evaluate.py
      hash: md5
      md5: 752f6f04caae5da2472d892a1ab349e2
      size: 6839
    params:
      params.yaml:
        model.selected_features:
        - jumlah_koperasi
        - koperasi_nib
        - koperasi_npwp
        - koperasi_rat
        - simpanan_pokok
        - simpanan_wajib
        - volume_transaksi
        - nilai_transaksi
        - latitude
        - longitude
    outs:
    - path: reports/evaluate_metrics.json
      hash: md5
      md5: 0eb978c570a02a64e3f587eefb17713f
      size: 168
    - path: reports/evaluate_report.md
      hash: md5
      md5: 29071d55f39464fbc79f2905d08cd139
      size: 1842
    - path: reports/figures/eval_avg_transaction.png
      hash: md5
      md5: fbee646099f8e713b3d5033b226f6f4b
      size: 27644
    - path: reports/figures/eval_cluster_distribution.png
      hash: md5
      md5: e10be284a4a5b9f77c4971448c2f84e2
      size: 31020
    - path: reports/figures/eval_pca_projection.png
      hash: md5
      md5: fe56958a44b72ac6f38717c6cf54129f
      size: 91149
  interpret:
    cmd: python src/interpret.py
    deps:
    - path: data/model/clustered_regencies.csv
      hash: md5
      md5: 08a087801c5698258aec933fd9c3b520
      size: 40382
    - path: reports/evaluate_metrics.json
      hash: md5
      md5: 0eb978c570a02a64e3f587eefb17713f
      size: 168
    - path: src/interpret.py
      hash: md5
      md5: 978e8f635abc02e5c98322a1445ba452
      size: 7953
    params:
      params.yaml:
        interpret.max_tokens: 3000
        interpret.model: '@cf/openai/gpt-oss-120b'
    outs:
    - path: reports/interpret_labels.json
      hash: md5
      md5: e72aadd7562408d37f5f6ee3083d0e61
      size: 1166
    - path: reports/interpret_report.md
      hash: md5
      md5: 46b4e7422e7efa6040d3dad5cb897e60
      size: 1957
  model:
    cmd: python src/model.py
    deps:
    - path: data/preprocess/preprocess_meta.json
      hash: md5
      md5: 2c26748162f1f537f0f33948cbb032ca
      size: 314
    - path: data/preprocess/scaled_features.csv
      hash: md5
      md5: 54c2cab3bfe24b36bd5c26375d817ce0
      size: 102343
    - path: data/transform/transformed_regencies.csv
      hash: md5
      md5: b4e2699afb3cd99d861a830508142490
      size: 38838
    - path: src/model.py
      hash: md5
      md5: 66e0479e69c0b404f36d24e78d5c6022
      size: 2563
    params:
      params.yaml:
        model.n_init: 10
        model.override_k:
        model.random_state: 42
        model.selected_features:
        - jumlah_koperasi
        - koperasi_nib
        - koperasi_npwp
        - koperasi_rat
        - simpanan_pokok
        - simpanan_wajib
        - volume_transaksi
        - nilai_transaksi
        - latitude
        - longitude
    outs:
    - path: data/model/clustered_regencies.csv
      hash: md5
      md5: 08a087801c5698258aec933fd9c3b520
      size: 40382
    - path: models/kmeans_model.pkl
      hash: md5
      md5: c193fcdedebfd52c9b444cd8a60c13d7
      size: 2898
  preprocess:
    cmd: python src/preprocess.py
    deps:
    - path: data/transform/transformed_regencies.csv
      hash: md5
      md5: b4e2699afb3cd99d861a830508142490
      size: 38838
    - path: src/preprocess.py
      hash: md5
      md5: 9460bd965706c4f0b3667eeb5c818e17
      size: 5132
    params:
      params.yaml:
        preprocess.fallback_k: 3
        preprocess.kneedle.curve: convex
        preprocess.kneedle.direction: decreasing
        preprocess.max_k: 8
        preprocess.min_k: 2
        preprocess.n_init: 10
        preprocess.random_state: 42
    outs:
    - path: data/preprocess/preprocess_meta.json
      hash: md5
      md5: 2c26748162f1f537f0f33948cbb032ca
      size: 314
    - path: data/preprocess/scaled_features.csv
      hash: md5
      md5: 54c2cab3bfe24b36bd5c26375d817ce0
      size: 102343
    - path: reports/figures/preprocess_elbow_curve.png
      hash: md5
      md5: 7259381572131878c80036b155c0fc86
      size: 44772
    - path: reports/preprocess_report.md
      hash: md5
      md5: 30061d300d31fe4d97c31a66737280dc
      size: 744
  scrape_provinces:
    cmd: python src/scrape_provinces.py
    deps:
    - path: src/scrape_provinces.py
      hash: md5
      md5: 54778b23db3a77769c6568ac0fbbfe86
      size: 1213
    - path: src/utils/scraper_utils.py
      hash: md5
      md5: fb8cae6e48030847bf10b3dad628f946
      size: 6639
    params:
      params.yaml:
        scrape.table_index: 2
        scrape.target_url: https://simkopdes.go.id/pers/dashboard
    outs:
    - path: data/raw/scraped_provinces.csv
      hash: md5
      md5: 0050b401b1d6219cfb3cdab231d17a95
      size: 3990
  scrape_regencies:
    cmd: python src/scrape_regencies.py
    deps:
    - path: data/raw/scraped_provinces.csv
      hash: md5
      md5: 0050b401b1d6219cfb3cdab231d17a95
      size: 3990
    - path: src/scrape_regencies.py
      hash: md5
      md5: 619598de19a314b00293be890bb9faf3
      size: 4306
    - path: src/utils/scraper_utils.py
      hash: md5
      md5: fb8cae6e48030847bf10b3dad628f946
      size: 6639
    params:
      params.yaml:
        scrape.base_url_template: 
          https://simkopdes.go.id/pers/dashboard/district/{id}
        scrape.max_workers: 5
        scrape.table_index: 2
    outs:
    - path: data/raw/scraped_regencies.csv
      hash: md5
      md5: 0c7f5e43832aeaa503e8a72439589ffb
      size: 35923
  transform:
    cmd: python src/transform.py
    deps:
    - path: data/raw/province.json
      hash: md5
      md5: 6f527313adb7a1c4a781903ca1965340
      size: 4365
    - path: data/raw/regency.json
      hash: md5
      md5: 38cdf9dde54d8bbdb35581b739a6c0c4
      size: 71671
    - path: data/raw/scraped_provinces.csv
      hash: md5
      md5: 0050b401b1d6219cfb3cdab231d17a95
      size: 3990
    - path: data/raw/scraped_regencies.csv
      hash: md5
      md5: 0c7f5e43832aeaa503e8a72439589ffb
      size: 35923
    - path: src/transform.py
      hash: md5
      md5: 50cdd31f875596bf19cbe7f89fe1727f
      size: 5171
    outs:
    - path: data/transform/transformed_provinces.csv
      hash: md5
      md5: 2d5fb6b486774700371ddae5c06c0ae5
      size: 4034
    - path: data/transform/transformed_regencies.csv
      hash: md5
      md5: b4e2699afb3cd99d861a830508142490
      size: 38838
  store:
    cmd: python src/store.py
    deps:
    - path: data/model/clustered_regencies.csv
      hash: md5
      md5: 08a087801c5698258aec933fd9c3b520
      size: 40382
    - path: data/transform/transformed_provinces.csv
      hash: md5
      md5: 2d5fb6b486774700371ddae5c06c0ae5
      size: 4034
    - path: reports/evaluate_metrics.json
      hash: md5
      md5: 0eb978c570a02a64e3f587eefb17713f
      size: 168
    - path: reports/interpret_labels.json
      hash: md5
      md5: e72aadd7562408d37f5f6ee3083d0e61
      size: 1166
    - path: reports/interpret_report.md
      hash: md5
      md5: 46b4e7422e7efa6040d3dad5cb897e60
      size: 1957
    - path: src/store.py
      hash: md5
      md5: ff7ee9ca201eb5c6d1b09b299ce84551
      size: 4719
    outs:
    - path: data/seed.sql
      hash: md5
      md5: edcbe7275752d9aa90a96d9fb181cf47
      size: 125501
